
Microsoft Visual Studio Solution File, Format Version 12.00
# Visual Studio Version 17
VisualStudioVersion = 17.0.31903.59
MinimumVisualStudioVersion = 10.0.40219.1
Project("{2150E333-8FDC-42A3-9474-1A3956D46DE8}") = "src", "src", "{14C79EFF-11B0-4D3D-99EE-042B1087C24F}"
EndProject
Project("{9A19103F-16F7-4668-BE54-9A1E7A4F7556}") = "Barber.Api", "src\Barber.Api\Barber.Api.csproj", "{04C12284-A7EF-49DE-8749-87E7795317B8}"
EndProject
Project("{9A19103F-16F7-4668-BE54-9A1E7A4F7556}") = "Barber.Application", "src\Barber.Application\Barber.Application.csproj", "{99182C98-CE2D-4426-B21D-A7E99B9FD935}"
EndProject
Project("{9A19103F-16F7-4668-BE54-9A1E7A4F7556}") = "Barber.Domain", "src\Barber.Domain\Barber.Domain.csproj", "{E87FF250-DEF9-41BC-8A01-2C429BBBD16D}"
EndProject
Project("{9A19103F-16F7-4668-BE54-9A1E7A4F7556}") = "Barber.Persistence", "src\Barber.Persistence\Barber.Persistence.csproj", "{6FFC7E40-69FE-49D2-ABDB-AD5D365101C4}"
EndProject
Project("{9A19103F-16F7-4668-BE54-9A1E7A4F7556}") = "Barber.Api.Tests", "Tests\UnitTests\Barber.Api.Tests\Barber.Api.Tests.csproj", "{84320E10-34FD-42C2-988A-5713FE40C49B}"
EndProject
Project("{9A19103F-16F7-4668-BE54-9A1E7A4F7556}") = "Barber.Application.Tests", "Tests\UnitTests\Barber.Application.Tests\Barber.Application.Tests.csproj", "{36DA6516-AD48-42EE-ACCE-18EBCCA49967}"
EndProject
Project("{9A19103F-16F7-4668-BE54-9A1E7A4F7556}") = "Barber.Domain.Tests", "Tests\UnitTests\Barber.Domain.Tests\Barber.Domain.Tests.csproj", "{13E18F23-2C8D-4DD8-AD9F-4B5C1B4960FD}"
EndProject
Project("{9A19103F-16F7-4668-BE54-9A1E7A4F7556}") = "Barber.Persistence.Tests", "Tests\UnitTests\Barber.Persistence.Tests\Barber.Persistence.Tests.csproj", "{3AFF2C88-06D4-4AA8-A7A9-6A23F013B3B6}"
EndProject
Global
	GlobalSection(SolutionConfigurationPlatforms) = preSolution
		Debug|Any CPU = Debug|Any CPU
		Release|Any CPU = Release|Any CPU
	EndGlobalSection
	GlobalSection(ProjectConfigurationPlatforms) = postSolution
		{04C12284-A7EF-49DE-8749-87E7795317B8}.Debug|Any CPU.ActiveCfg = Debug|Any CPU
		{04C12284-A7EF-49DE-8749-87E7795317B8}.Debug|Any CPU.Build.0 = Debug|Any CPU
		{04C12284-A7EF-49DE-8749-87E7795317B8}.Release|Any CPU.ActiveCfg = Release|Any CPU
		{04C12284-A7EF-49DE-8749-87E7795317B8}.Release|Any CPU.Build.0 = Release|Any CPU
		{99182C98-CE2D-4426-B21D-A7E99B9FD935}.Debug|Any CPU.ActiveCfg = Debug|Any CPU
		{99182C98-CE2D-4426-B21D-A7E99B9FD935}.Debug|Any CPU.Build.0 = Debug|Any CPU
		{99182C98-CE2D-4426-B21D-A7E99B9FD935}.Release|Any CPU.ActiveCfg = Release|Any CPU
		{99182C98-CE2D-4426-B21D-A7E99B9FD935}.Release|Any CPU.Build.0 = Release|Any CPU
		{E87FF250-DEF9-41BC-8A01-2C429BBBD16D}.Debug|Any CPU.ActiveCfg = Debug|Any CPU
		{E87FF250-DEF9-41BC-8A01-2C429BBBD16D}.Debug|Any CPU.Build.0 = Debug|Any CPU
		{E87FF250-DEF9-41BC-8A01-2C429BBBD16D}.Release|Any CPU.ActiveCfg = Release|Any CPU
		{E87FF250-DEF9-41BC-8A01-2C429BBBD16D}.Release|Any CPU.Build.0 = Release|Any CPU
		{6FFC7E40-69FE-49D2-ABDB-AD5D365101C4}.Debug|Any CPU.ActiveCfg = Debug|Any CPU
		{6FFC7E40-69FE-49D2-ABDB-AD5D365101C4}.Debug|Any CPU.Build.0 = Debug|Any CPU
		{6FFC7E40-69FE-49D2-ABDB-AD5D365101C4}.Release|Any CPU.ActiveCfg = Release|Any CPU
		{6FFC7E40-69FE-49D2-ABDB-AD5D365101C4}.Release|Any CPU.Build.0 = Release|Any CPU
		{84320E10-34FD-42C2-988A-5713FE40C49B}.Debug|Any CPU.ActiveCfg = Debug|Any CPU
		{84320E10-34FD-42C2-988A-5713FE40C49B}.Debug|Any CPU.Build.0 = Debug|Any CPU
		{84320E10-34FD-42C2-988A-5713FE40C49B}.Release|Any CPU.ActiveCfg = Release|Any CPU
		{84320E10-34FD-42C2-988A-5713FE40C49B}.Release|Any CPU.Build.0 = Release|Any CPU
		{36DA6516-AD48-42EE-ACCE-18EBCCA49967}.Debug|Any CPU.ActiveCfg = Debug|Any CPU
		{36DA6516-AD48-42EE-ACCE-18EBCCA49967}.Debug|Any CPU.Build.0 = Debug|Any CPU
		{36DA6516-AD48-42EE-ACCE-18EBCCA49967}.Release|Any CPU.ActiveCfg = Release|Any CPU
		{36DA6516-AD48-42EE-ACCE-18EBCCA49967}.Release|Any CPU.Build.0 = Release|Any CPU
		{13E18F23-2C8D-4DD8-AD9F-4B5C1B4960FD}.Debug|Any CPU.ActiveCfg = Debug|Any CPU
		{13E18F23-2C8D-4DD8-AD9F-4B5C1B4960FD}.Debug|Any CPU.Build.0 = Debug|Any CPU
		{13E18F23-2C8D-4DD8-AD9F-4B5C1B4960FD}.Release|Any CPU.ActiveCfg = Release|Any CPU
		{13E18F23-2C8D-4DD8-AD9F-4B5C1B4960FD}.Release|Any CPU.Build.0 = Release|Any CPU
		{3AFF2C88-06D4-4AA8-A7A9-6A23F013B3B6}.Debug|Any CPU.ActiveCfg = Debug|Any CPU
		{3AFF2C88-06D4-4AA8-A7A9-6A23F013B3B6}.Debug|Any CPU.Build.0 = Debug|Any CPU
		{3AFF2C88-06D4-4AA8-A7A9-6A23F013B3B6}.Release|Any CPU.ActiveCfg = Release|Any CPU
		{3AFF2C88-06D4-4AA8-A7A9-6A23F013B3B6}.Release|Any CPU.Build.0 = Release|Any CPU
	EndGlobalSection
	GlobalSection(SolutionProperties) = preSolution
		HideSolutionNode = FALSE
	EndGlobalSection
	GlobalSection(NestedProjects) = preSolution
		{04C12284-A7EF-49DE-8749-87E7795317B8} = {14C79EFF-11B0-4D3D-99EE-042B1087C24F}
		{99182C98-CE2D-4426-B21D-A7E99B9FD935} = {14C79EFF-11B0-4D3D-99EE-042B1087C24F}
		{E87FF250-DEF9-41BC-8A01-2C429BBBD16D} = {14C79EFF-11B0-4D3D-99EE-042B1087C24F}
		{6FFC7E40-69FE-49D2-ABDB-AD5D365101C4} = {14C79EFF-11B0-4D3D-99EE-042B1087C24F}
	EndGlobalSection
	GlobalSection(ExtensibilityGlobals) = postSolution
		SolutionGuid = {9531F0C8-5DEE-4442-B8D6-8F8644A10FA3}
	EndGlobalSection
EndGlobal
