
Microsoft Visual Studio Solution File, Format Version 12.00
# Visual Studio Version 17
VisualStudioVersion = 17.0.31903.59
MinimumVisualStudioVersion = 10.0.40219.1

Project("{2150E333-8FDC-42A3-9474-1A3956D46DE8}") = "src", "src", "{14C79EFF-11B0-4D3D-99EE-042B1087C24F}"
EndProject
Project("{FAE04EC0-301F-11D3-BF4B-00C04F79EFBC}") = "Barber.Api", "src\Barber.Api\Barber.Api.csproj", "{04C12284-A7EF-49DE-8749-87E7795317B8}"
EndProject
Project("{FAE04EC0-301F-11D3-BF4B-00C04F79EFBC}") = "Barber.Application", "src\Barber.Application\Barber.Application.csproj", "{99182C98-CE2D-4426-B21D-A7E99B9FD935}"
EndProject
Project("{FAE04EC0-301F-11D3-BF4B-00C04F79EFBC}") = "Barber.Domain", "src\Barber.Domain\Barber.Domain.csproj", "{E87FF250-DEF9-41BC-8A01-2C429BBBD16D}"
EndProject
Project("{FAE04EC0-301F-11D3-BF4B-00C04F79EFBC}") = "Barber.Persistence", "src\Barber.Persistence\Barber.Persistence.csproj", "{6FFC7E40-69FE-49D2-ABDB-AD5D365101C4}"
EndProject

Global
	GlobalSection(SolutionConfigurationPlatforms) = preSolution
		Debug|Any CPU = Debug|Any CPU
		Release|Any CPU = Release|Any CPU
	EndGlobalSection
	GlobalSection(SolutionProperties) = preSolution
		HideSolutionNode = FALSE
	EndGlobalSection
	GlobalSection(ProjectConfigurationPlatforms) = postSolution
		{04C12284-A7EF-49DE-8749-87E7795317B8}.Debug|Any CPU.ActiveCfg = Debug|Any CPU
		{04C12284-A7EF-49DE-8749-87E7795317B8}.Debug|Any CPU.Build.0 = Debug|Any CPU
		{04C12284-A7EF-49DE-8749-87E7795317B8}.Release|Any CPU.ActiveCfg = Release|Any CPU
		{04C12284-A7EF-49DE-8749-87E7795317B8}.Release|Any CPU.Build.0 = Release|Any CPU
		{99182C98-CE2D-4426-B21D-A7E99B9FD935}.Debug|Any CPU.ActiveCfg = Debug|Any CPU
		{99182C98-CE2D-4426-B21D-A7E99B9FD935}.Debug|Any CPU.Build.0 = Debug|Any CPU
		{99182C98-CE2D-4426-B21D-A7E99B9FD935}.Release|Any CPU.ActiveCfg = Release|Any CPU
		{99182C98-CE2D-4426-B21D-A7E99B9FD935}.Release|Any CPU.Build.0 = Release|Any CPU
		{E87FF250-DEF9-41BC-8A01-2C429BBBD16D}.Debug|Any CPU.ActiveCfg = Debug|Any CPU
		{E87FF250-DEF9-41BC-8A01-2C429BBBD16D}.Debug|Any CPU.Build.0 = Debug|Any CPU
		{E87FF250-DEF9-41BC-8A01-2C429BBBD16D}.Release|Any CPU.ActiveCfg = Release|Any CPU
		{E87FF250-DEF9-41BC-8A01-2C429BBBD16D}.Release|Any CPU.Build.0 = Release|Any CPU
		{6FFC7E40-69FE-49D2-ABDB-AD5D365101C4}.Debug|Any CPU.ActiveCfg = Debug|Any CPU
		{6FFC7E40-69FE-49D2-ABDB-AD5D365101C4}.Debug|Any CPU.Build.0 = Debug|Any CPU
		{6FFC7E40-69FE-49D2-ABDB-AD5D365101C4}.Release|Any CPU.ActiveCfg = Release|Any CPU
		{6FFC7E40-69FE-49D2-ABDB-AD5D365101C4}.Release|Any CPU.Build.0 = Release|Any CPU
		{DA54C5BA-E5E0-48E5-9C47-1BA33F7FE64B}.Debug|Any CPU.ActiveCfg = Debug|Any CPU
		{DA54C5BA-E5E0-48E5-9C47-1BA33F7FE64B}.Debug|Any CPU.Build.0 = Debug|Any CPU
		{DA54C5BA-E5E0-48E5-9C47-1BA33F7FE64B}.Release|Any CPU.ActiveCfg = Release|Any CPU
		{DA54C5BA-E5E0-48E5-9C47-1BA33F7FE64B}.Release|Any CPU.Build.0 = Release|Any CPU
		{9363F413-E666-45D2-B840-9936FBF39348}.Debug|Any CPU.ActiveCfg = Debug|Any CPU
		{9363F413-E666-45D2-B840-9936FBF39348}.Debug|Any CPU.Build.0 = Debug|Any CPU
		{9363F413-E666-45D2-B840-9936FBF39348}.Release|Any CPU.ActiveCfg = Release|Any CPU
		{9363F413-E666-45D2-B840-9936FBF39348}.Release|Any CPU.Build.0 = Release|Any CPU
		{611DF024-7F04-4B9C-8BF5-CE8720772196}.Debug|Any CPU.ActiveCfg = Debug|Any CPU
		{611DF024-7F04-4B9C-8BF5-CE8720772196}.Debug|Any CPU.Build.0 = Debug|Any CPU
		{611DF024-7F04-4B9C-8BF5-CE8720772196}.Release|Any CPU.ActiveCfg = Release|Any CPU
		{611DF024-7F04-4B9C-8BF5-CE8720772196}.Release|Any CPU.Build.0 = Release|Any CPU
		{30801096-4355-4E2D-9F58-07C4BEF590A5}.Debug|Any CPU.ActiveCfg = Debug|Any CPU
		{30801096-4355-4E2D-9F58-07C4BEF590A5}.Debug|Any CPU.Build.0 = Debug|Any CPU
		{30801096-4355-4E2D-9F58-07C4BEF590A5}.Release|Any CPU.ActiveCfg = Release|Any CPU
		{30801096-4355-4E2D-9F58-07C4BEF590A5}.Release|Any CPU.Build.0 = Release|Any CPU
		{BFA0957A-58CD-42B5-9044-D790F9D48480}.Debug|Any CPU.ActiveCfg = Debug|Any CPU
		{BFA0957A-58CD-42B5-9044-D790F9D48480}.Debug|Any CPU.Build.0 = Debug|Any CPU
		{BFA0957A-58CD-42B5-9044-D790F9D48480}.Release|Any CPU.ActiveCfg = Release|Any CPU
		{BFA0957A-58CD-42B5-9044-D790F9D48480}.Release|Any CPU.Build.0 = Release|Any CPU
	EndGlobalSection
	GlobalSection(NestedProjects) = preSolution
		{04C12284-A7EF-49DE-8749-87E7795317B8} = {14C79EFF-11B0-4D3D-99EE-042B1087C24F}
		{99182C98-CE2D-4426-B21D-A7E99B9FD935} = {14C79EFF-11B0-4D3D-99EE-042B1087C24F}
		{E87FF250-DEF9-41BC-8A01-2C429BBBD16D} = {14C79EFF-11B0-4D3D-99EE-042B1087C24F}
		{6FFC7E40-69FE-49D2-ABDB-AD5D365101C4} = {14C79EFF-11B0-4D3D-99EE-042B1087C24F}
		{D65A5B4B-77FA-4659-AF70-B7ABD7254E26} = {DFD16B79-9B5A-45D2-878E-D8447C9AD6AB}
		{9363F413-E666-45D2-B840-9936FBF39348} = {D65A5B4B-77FA-4659-AF70-B7ABD7254E26}
		{611DF024-7F04-4B9C-8BF5-CE8720772196} = {D65A5B4B-77FA-4659-AF70-B7ABD7254E26}
		{30801096-4355-4E2D-9F58-07C4BEF590A5} = {D65A5B4B-77FA-4659-AF70-B7ABD7254E26}
		{BFA0957A-58CD-42B5-9044-D790F9D48480} = {D65A5B4B-77FA-4659-AF70-B7ABD7254E26}
	EndGlobalSection
EndGlobal
